
Microsoft Visual Studio Solution File, Format Version 12.00
# Visual Studio 2015
Project("{FAE04EC0-301F-11D3-BF4B-00C04F79EFBC}") = "Bens Version.CSharp", "Bens Version.CSharp.csproj", "{D0663B20-2D77-FF93-6BAA-468542A2810F}"
EndProject
Global
	GlobalSection(SolutionConfigurationPlatforms) = preSolution
		Debug|Any CPU = Debug|Any CPU
		Release|Any CPU = Release|Any CPU
	EndGlobalSection
	GlobalSection(ProjectConfigurationPlatforms) = postSolution
		{D0663B20-2D77-FF93-6BAA-468542A2810F}.Debug|Any CPU.ActiveCfg = Debug|Any CPU
		{D0663B20-2D77-FF93-6BAA-468542A2810F}.Debug|Any CPU.Build.0 = Debug|Any CPU
		{D0663B20-2D77-FF93-6BAA-468542A2810F}.Release|Any CPU.ActiveCfg = Release|Any CPU
		{D0663B20-2D77-FF93-6BAA-468542A2810F}.Release|Any CPU.Build.0 = Release|Any CPU
	EndGlobalSection
	GlobalSection(SolutionProperties) = preSolution
		HideSolutionNode = FALSE
	EndGlobalSection
EndGlobal
